
Microsoft Visual Studio Solution File, Format Version 12.00
# Visual Studio Version 17
VisualStudioVersion = 17.5.33502.453
MinimumVisualStudioVersion = 10.0.40219.1
Project("{9A19103F-16F7-4668-BE54-9A1E7A4F7556}") = "TaskManager", "TaskManager.csproj", "{EC689DE9-19BF-4B91-9C1E-6E360A0E213E}"
EndProject
Global
	GlobalSection(SolutionConfigurationPlatforms) = preSolution
		Debug|Any CPU = Debug|Any CPU
		Debug|x64 = Debug|x64
		Release|Any CPU = Release|Any CPU
		Release|x64 = Release|x64
	EndGlobalSection
	GlobalSection(ProjectConfigurationPlatforms) = postSolution
		{EC689DE9-19BF-4B91-9C1E-6E360A0E213E}.Debug|Any CPU.ActiveCfg = Debug|Any CPU
		{EC689DE9-19BF-4B91-9C1E-6E360A0E213E}.Debug|Any CPU.Build.0 = Debug|Any CPU
		{EC689DE9-19BF-4B91-9C1E-6E360A0E213E}.Debug|x64.ActiveCfg = Debug|x64
		{EC689DE9-19BF-4B91-9C1E-6E360A0E213E}.Debug|x64.Build.0 = Debug|x64
		{EC689DE9-19BF-4B91-9C1E-6E360A0E213E}.Release|Any CPU.ActiveCfg = Release|Any CPU
		{EC689DE9-19BF-4B91-9C1E-6E360A0E213E}.Release|Any CPU.Build.0 = Release|Any CPU
		{EC689DE9-19BF-4B91-9C1E-6E360A0E213E}.Release|x64.ActiveCfg = Release|x64
		{EC689DE9-19BF-4B91-9C1E-6E360A0E213E}.Release|x64.Build.0 = Release|x64
	EndGlobalSection
	GlobalSection(SolutionProperties) = preSolution
		HideSolutionNode = FALSE
	EndGlobalSection
	GlobalSection(ExtensibilityGlobals) = postSolution
		SolutionGuid = {9DC39F3B-8FDB-4F7C-9500-22F7169BA7D3}
	EndGlobalSection
EndGlobal
